PODS:
  - GEContinuousIntegration (0.1)
  - GEXcodeBuildPhases (0.0.1)
  - Result (4.0.0)
  - Then (2.4.0)

DEPENDENCIES:
  - GEContinuousIntegration (from `https://github.com/grigorye/GEContinuousIntegration`, branch `master`)
  - GEXcodeBuildPhases (from `https://github.com/grigorye/GEXcodeBuildPhases`, branch `master`)
  - Result (~> 4.0.0)
  - Then (~> 2.4.0)

SPEC REPOS:
  https://github.com/cocoapods/specs.git:
    - Result
    - Then

EXTERNAL SOURCES:
  GEContinuousIntegration:
    :branch: master
    :git: https://github.com/grigorye/GEContinuousIntegration
  GEXcodeBuildPhases:
    :branch: master
    :git: https://github.com/grigorye/GEXcodeBuildPhases

CHECKOUT OPTIONS:
  GEContinuousIntegration:
    :commit: e0399b04b5ee113f9830dccadd398a364b71ffcf
    :git: https://github.com/grigorye/GEContinuousIntegration
  GEXcodeBuildPhases:
    :commit: a1415ea8b3d0aff720aafe0ccb93d1755c0ee723
    :git: https://github.com/grigorye/GEXcodeBuildPhases

SPEC CHECKSUMS:
  GEContinuousIntegration: 7169e73e490730fd52a3a452fc85919c48f75567
  GEXcodeBuildPhases: 28e6c32ecc266fab2a658c9e0e09c1d3bdb92271
  Result: 7645bb3f50c2ce726dd0ff2fa7b6f42bbe6c3713
  Then: 71866660c7af35a7343831f7668e7cd2b62ee0f2

PODFILE CHECKSUM: a9fb82042f6d956a805d52b9c9bed8d979b3550d

COCOAPODS: 1.5.3
