// !$*UTF8*$!
{
	archiveVersion = 1;
	classes = {
	};
	objectVersion = 51;
	objects = {

/* Begin PBXBuildFile section */
		55ECF3E29EBBB19C159C7BB8 /* GEFoundation in Frameworks */ = {isa = PBXBuildFile; productRef = EE4C52D91EED8A200C064FBA /* GEFoundation */; };
		5715C480E346379531A9D9EC /* ScriptBasedURLToAppMapper.swift in Sources */ = {isa = PBXBuildFile; fileRef = CF3A4566543604906FCD4FD5 /* ScriptBasedURLToAppMapper.swift */; };
		5CF6D1ADB3F991E7C2853706 /* EventTracking.swift in Sources */ = {isa = PBXBuildFile; fileRef = 34D641E9373DEBED726D4942 /* EventTracking.swift */; };
		7AD4E5AA57C7491A29DD548A /* Assets.xcassets in Resources */ = {isa = PBXBuildFile; fileRef = 48C4EAE8F1A9CA75E6EC79EA /* Assets.xcassets */; };
		8A85F019660374BA67C14C4E /* GETracing in Frameworks */ = {isa = PBXBuildFile; productRef = B13C7DF95D6B17A9777F34B3 /* GETracing */; };
		A8173D6AF8EECF480E94EC63 /* SampleURLToAppMapper.swift in Sources */ = {isa = PBXBuildFile; fileRef = 04634F1F0AA55201CB6D9832 /* SampleURLToAppMapper.swift */; };
		C8CCB91DF0661228130590A8 /* Then in Frameworks */ = {isa = PBXBuildFile; productRef = BE461B26C26C736209DE3ED3 /* Then */; };
		CD0E08A4B8ED016A8A0050D8 /* ProductDefinition.plist in Resources */ = {isa = PBXBuildFile; fileRef = 3BB5068352C66FDB00730052 /* ProductDefinition.plist */; };
		DE46C98E95E3F613F898D10A /* Main.storyboard in Resources */ = {isa = PBXBuildFile; fileRef = 8C8C26CC7B132143F91AB20D /* Main.storyboard */; };
		EE6FC3E51FBC47F43B2ABB10 /* URLToAppMapper.swift in Sources */ = {isa = PBXBuildFile; fileRef = 2FD3566952BDABF1E23E85C2 /* URLToAppMapper.swift */; };
		F4D846B3A47DE0A3DA8BD377 /* AppDelegate.swift in Sources */ = {isa = PBXBuildFile; fileRef = E6D4E5AA3E3CA98B73A1DAFC /* AppDelegate.swift */; };
/* End PBXBuildFile section */

/* Begin PBXFileReference section */
		04634F1F0AA55201CB6D9832 /* SampleURLToAppMapper.swift */ = {isa = PBXFileReference; lastKnownFileType = sourcecode.swift; path = SampleURLToAppMapper.swift; sourceTree = "<group>"; };
		0F373B4D40F89A80AC60D7BA /* Base */ = {isa = PBXFileReference; lastKnownFileType = file.storyboard; name = Base; path = Base.lproj/Main.storyboard; sourceTree = "<group>"; };
		2519231D4E8C3C7F56F8F7C6 /* GETracing */ = {isa = PBXFileReference; lastKnownFileType = folder; name = GETracing; path = Submodules/GETracing; sourceTree = SOURCE_ROOT; };
		2FD3566952BDABF1E23E85C2 /* URLToAppMapper.swift */ = {isa = PBXFileReference; lastKnownFileType = sourcecode.swift; path = URLToAppMapper.swift; sourceTree = "<group>"; };
		34D641E9373DEBED726D4942 /* EventTracking.swift */ = {isa = PBXFileReference; lastKnownFileType = sourcecode.swift; path = EventTracking.swift; sourceTree = "<group>"; };
		3BB5068352C66FDB00730052 /* ProductDefinition.plist */ = {isa = PBXFileReference; lastKnownFileType = text.plist; path = ProductDefinition.plist; sourceTree = "<group>"; };
		48C4EAE8F1A9CA75E6EC79EA /* Assets.xcassets */ = {isa = PBXFileReference; lastKnownFileType = folder.assetcatalog; path = Assets.xcassets; sourceTree = "<group>"; };
		5410954603FFCA196CCA5CD9 /* Info.plist */ = {isa = PBXFileReference; lastKnownFileType = text.plist; path = Info.plist; sourceTree = "<group>"; };
		7C8EB43E07B67B7AD419BDB0 /* URLHelperApp.entitlements */ = {isa = PBXFileReference; lastKnownFileType = text.plist.entitlements; path = URLHelperApp.entitlements; sourceTree = "<group>"; };
		7ED469B018F890A263C74616 /* URLHelperApp.app */ = {isa = PBXFileReference; explicitFileType = wrapper.application; includeInIndex = 0; path = URLHelperApp.app; sourceTree = BUILT_PRODUCTS_DIR; };
		8DCA18418A0D6DF61D2CBC60 /* Then */ = {isa = PBXFileReference; lastKnownFileType = folder; name = Then; path = Submodules/Then; sourceTree = SOURCE_ROOT; };
		BF37A78A3D847BA7570208E3 /* GEFoundation */ = {isa = PBXFileReference; lastKnownFileType = folder; name = GEFoundation; path = Submodules/GEFoundation; sourceTree = SOURCE_ROOT; };
		CF3A4566543604906FCD4FD5 /* ScriptBasedURLToAppMapper.swift */ = {isa = PBXFileReference; lastKnownFileType = sourcecode.swift; path = ScriptBasedURLToAppMapper.swift; sourceTree = "<group>"; };
		E6D4E5AA3E3CA98B73A1DAFC /* AppDelegate.swift */ = {isa = PBXFileReference; lastKnownFileType = sourcecode.swift; path = AppDelegate.swift; sourceTree = "<group>"; };
		EA0716DBDBB0D3A0CECD9AC1 /* URLHelperApp-app.xcconfig */ = {isa = PBXFileReference; lastKnownFileType = text.xcconfig; path = "URLHelperApp-app.xcconfig"; sourceTree = "<group>"; };
		F3CA7441568A72D91AB9ED0A /* AppBundleIdentifierForURL */ = {isa = PBXFileReference; path = AppBundleIdentifierForURL; sourceTree = "<group>"; };
/* End PBXFileReference section */

/* Begin PBXFrameworksBuildPhase section */
		C9D5F57E61B33E1756DBBA20 /* Frameworks */ = {
			isa = PBXFrameworksBuildPhase;
			buildActionMask = 2147483647;
			files = (
				8A85F019660374BA67C14C4E /* GETracing in Frameworks */,
				55ECF3E29EBBB19C159C7BB8 /* GEFoundation in Frameworks */,
				C8CCB91DF0661228130590A8 /* Then in Frameworks */,
			);
			runOnlyForDeploymentPostprocessing = 0;
		};
/* End PBXFrameworksBuildPhase section */

/* Begin PBXGroup section */
		34FDEFBC8AAD947C865B17A5 /* URLHelperApp */ = {
			isa = PBXGroup;
			children = (
				F3CA7441568A72D91AB9ED0A /* AppBundleIdentifierForURL */,
				E6D4E5AA3E3CA98B73A1DAFC /* AppDelegate.swift */,
				48C4EAE8F1A9CA75E6EC79EA /* Assets.xcassets */,
				34D641E9373DEBED726D4942 /* EventTracking.swift */,
				5410954603FFCA196CCA5CD9 /* Info.plist */,
				8C8C26CC7B132143F91AB20D /* Main.storyboard */,
				04634F1F0AA55201CB6D9832 /* SampleURLToAppMapper.swift */,
				CF3A4566543604906FCD4FD5 /* ScriptBasedURLToAppMapper.swift */,
				EA0716DBDBB0D3A0CECD9AC1 /* URLHelperApp-app.xcconfig */,
				7C8EB43E07B67B7AD419BDB0 /* URLHelperApp.entitlements */,
				2FD3566952BDABF1E23E85C2 /* URLToAppMapper.swift */,
				6183A9E2371F3F3011380CF7 /* Distribution */,
			);
			path = URLHelperApp;
			sourceTree = "<group>";
		};
		6183A9E2371F3F3011380CF7 /* Distribution */ = {
			isa = PBXGroup;
			children = (
				3BB5068352C66FDB00730052 /* ProductDefinition.plist */,
			);
			path = Distribution;
			sourceTree = "<group>";
		};
		C6BE1FF78B93A48A8D365A04 /* Packages */ = {
			isa = PBXGroup;
			children = (
				BF37A78A3D847BA7570208E3 /* GEFoundation */,
				2519231D4E8C3C7F56F8F7C6 /* GETracing */,
				8DCA18418A0D6DF61D2CBC60 /* Then */,
			);
			name = Packages;
			sourceTree = SOURCE_ROOT;
		};
		C8C1540EB31768AC7C1AE493 /* Products */ = {
			isa = PBXGroup;
			children = (
				7ED469B018F890A263C74616 /* URLHelperApp.app */,
			);
			name = Products;
			sourceTree = "<group>";
		};
		FEF03035A66B516171B0C979 = {
			isa = PBXGroup;
			children = (
				C6BE1FF78B93A48A8D365A04 /* Packages */,
				34FDEFBC8AAD947C865B17A5 /* URLHelperApp */,
				C8C1540EB31768AC7C1AE493 /* Products */,
			);
			sourceTree = "<group>";
		};
/* End PBXGroup section */

/* Begin PBXNativeTarget section */
		C1DCE9F8895CB5802F02EA59 /* URLHelperApp */ = {
			isa = PBXNativeTarget;
			buildConfigurationList = 1E86406DFE71790FE1D76C3D /* Build configuration list for PBXNativeTarget "URLHelperApp" */;
			buildPhases = (
				4359AD13533E3B6D81DB8490 /* Sources */,
				9FFA8DFA086EAC4C42465171 /* Resources */,
				C9D5F57E61B33E1756DBBA20 /* Frameworks */,
			);
			buildRules = (
			);
			dependencies = (
			);
			name = URLHelperApp;
			packageProductDependencies = (
				B13C7DF95D6B17A9777F34B3 /* GETracing */,
				EE4C52D91EED8A200C064FBA /* GEFoundation */,
				BE461B26C26C736209DE3ED3 /* Then */,
			);
			productName = URLHelperApp;
			productReference = 7ED469B018F890A263C74616 /* URLHelperApp.app */;
			productType = "com.apple.product-type.application";
		};
/* End PBXNativeTarget section */

/* Begin PBXProject section */
		705E06C648A0410E24A802A9 /* Project object */ = {
			isa = PBXProject;
			attributes = {
				LastUpgradeCheck = 1200;
				TargetAttributes = {
				};
			};
			buildConfigurationList = B73E12ACD905D674A683E011 /* Build configuration list for PBXProject "URLHelperApp" */;
			compatibilityVersion = "Xcode 11.0";
			developmentRegion = en;
			hasScannedForEncodings = 0;
			knownRegions = (
				Base,
				en,
			);
			mainGroup = FEF03035A66B516171B0C979;
			projectDirPath = "";
			projectRoot = "";
			targets = (
				C1DCE9F8895CB5802F02EA59 /* URLHelperApp */,
			);
		};
/* End PBXProject section */

/* Begin PBXResourcesBuildPhase section */
		9FFA8DFA086EAC4C42465171 /* Resources */ = {
			isa = PBXResourcesBuildPhase;
			buildActionMask = 2147483647;
			files = (
				7AD4E5AA57C7491A29DD548A /* Assets.xcassets in Resources */,
				DE46C98E95E3F613F898D10A /* Main.storyboard in Resources */,
				CD0E08A4B8ED016A8A0050D8 /* ProductDefinition.plist in Resources */,
			);
			runOnlyForDeploymentPostprocessing = 0;
		};
/* End PBXResourcesBuildPhase section */

/* Begin PBXSourcesBuildPhase section */
		4359AD13533E3B6D81DB8490 /* Sources */ = {
			isa = PBXSourcesBuildPhase;
			buildActionMask = 2147483647;
			files = (
				F4D846B3A47DE0A3DA8BD377 /* AppDelegate.swift in Sources */,
				5CF6D1ADB3F991E7C2853706 /* EventTracking.swift in Sources */,
				A8173D6AF8EECF480E94EC63 /* SampleURLToAppMapper.swift in Sources */,
				5715C480E346379531A9D9EC /* ScriptBasedURLToAppMapper.swift in Sources */,
				EE6FC3E51FBC47F43B2ABB10 /* URLToAppMapper.swift in Sources */,
			);
			runOnlyForDeploymentPostprocessing = 0;
		};
/* End PBXSourcesBuildPhase section */

/* Begin PBXVariantGroup section */
		8C8C26CC7B132143F91AB20D /* Main.storyboard */ = {
			isa = PBXVariantGroup;
			children = (
				0F373B4D40F89A80AC60D7BA /* Base */,
			);
			name = Main.storyboard;
			sourceTree = "<group>";
		};
/* End PBXVariantGroup section */

/* Begin XCBuildConfiguration section */
		1E5999AE3D4BAB4EEA372DC3 /* Release */ = {
			isa = XCBuildConfiguration;
			buildSettings = {
				ASSETCATALOG_COMPILER_APPICON_NAME = AppIcon;
				COMBINE_HIDPI_IMAGES = YES;
				INFOPLIST_FILE = URLHelperApp/Info.plist;
				LD_RUNPATH_SEARCH_PATHS = (
					"$(inherited)",
					"@executable_path/../Frameworks",
				);
				MACOSX_DEPLOYMENT_TARGET = 10.13;
				PRODUCT_BUNDLE_IDENTIFIER = com.grigorye.URLHelperApp;
				SDKROOT = macosx;
			};
			name = Release;
		};
		6A7C7E08BE4E1657AB5D2746 /* Debug */ = {
			isa = XCBuildConfiguration;
			buildSettings = {
				ASSETCATALOG_COMPILER_APPICON_NAME = AppIcon;
				COMBINE_HIDPI_IMAGES = YES;
				INFOPLIST_FILE = URLHelperApp/Info.plist;
				LD_RUNPATH_SEARCH_PATHS = (
					"$(inherited)",
					"@executable_path/../Frameworks",
				);
				MACOSX_DEPLOYMENT_TARGET = 10.13;
				PRODUCT_BUNDLE_IDENTIFIER = com.grigorye.URLHelperApp;
				SDKROOT = macosx;
			};
			name = Debug;
		};
		A35D478D31C347B609A9FB44 /* Release */ = {
			isa = XCBuildConfiguration;
			buildSettings = {
				ALWAYS_SEARCH_USER_PATHS = NO;
				BUNDLE_VERSION = Local;
				CLANG_ANALYZER_NONNULL = YES;
				CLANG_ANALYZER_NUMBER_OBJECT_CONVERSION = YES_AGGRESSIVE;
				CLANG_CXX_LANGUAGE_STANDARD = "gnu++14";
				CLANG_CXX_LIBRARY = "libc++";
				CLANG_ENABLE_MODULES = YES;
				CLANG_ENABLE_OBJC_ARC = YES;
				CLANG_ENABLE_OBJC_WEAK = YES;
				CLANG_WARN_BLOCK_CAPTURE_AUTORELEASING = YES;
				CLANG_WARN_BOOL_CONVERSION = YES;
				CLANG_WARN_COMMA = YES;
				CLANG_WARN_CONSTANT_CONVERSION = YES;
				CLANG_WARN_DEPRECATED_OBJC_IMPLEMENTATIONS = YES;
				CLANG_WARN_DIRECT_OBJC_ISA_USAGE = YES_ERROR;
				CLANG_WARN_DOCUMENTATION_COMMENTS = YES;
				CLANG_WARN_EMPTY_BODY = YES;
				CLANG_WARN_ENUM_CONVERSION = YES;
				CLANG_WARN_INFINITE_RECURSION = YES;
				CLANG_WARN_INT_CONVERSION = YES;
				CLANG_WARN_NON_LITERAL_NULL_CONVERSION = YES;
				CLANG_WARN_OBJC_IMPLICIT_RETAIN_SELF = YES;
				CLANG_WARN_OBJC_LITERAL_CONVERSION = YES;
				CLANG_WARN_OBJC_ROOT_CLASS = YES_ERROR;
				CLANG_WARN_QUOTED_INCLUDE_IN_FRAMEWORK_HEADER = YES;
				CLANG_WARN_RANGE_LOOP_ANALYSIS = YES;
				CLANG_WARN_STRICT_PROTOTYPES = YES;
				CLANG_WARN_SUSPICIOUS_MOVE = YES;
				CLANG_WARN_UNGUARDED_AVAILABILITY = YES_AGGRESSIVE;
				CLANG_WARN_UNREACHABLE_CODE = YES;
				CLANG_WARN__DUPLICATE_METHOD_MATCH = YES;
				COPY_PHASE_STRIP = NO;
				CURRENT_PROJECT_VERSION = "$(BUNDLE_VERSION)";
				DEBUG_INFORMATION_FORMAT = "dwarf-with-dsym";
				ENABLE_NS_ASSERTIONS = NO;
				ENABLE_STRICT_OBJC_MSGSEND = YES;
				GCC_C_LANGUAGE_STANDARD = gnu11;
				GCC_NO_COMMON_BLOCKS = YES;
				GCC_WARN_64_TO_32_BIT_CONVERSION = YES;
				GCC_WARN_ABOUT_RETURN_TYPE = YES_ERROR;
				GCC_WARN_UNDECLARED_SELECTOR = YES;
				GCC_WARN_UNINITIALIZED_AUTOS = YES_AGGRESSIVE;
				GCC_WARN_UNUSED_FUNCTION = YES;
				GCC_WARN_UNUSED_VARIABLE = YES;
				MARKETING_VERSION = 0.1;
				MTL_ENABLE_DEBUG_INFO = NO;
				MTL_FAST_MATH = YES;
				PRODUCT_NAME = "$(TARGET_NAME)";
				SDKROOT = macosx;
				SWIFT_COMPILATION_MODE = wholemodule;
				SWIFT_OPTIMIZATION_LEVEL = "-O";
				SWIFT_VERSION = 5.0;
			};
			name = Release;
		};
		B3D9D35C1CD10077F79C056D /* Debug */ = {
			isa = XCBuildConfiguration;
			buildSettings = {
				ALWAYS_SEARCH_USER_PATHS = NO;
				BUNDLE_VERSION = Local;
				CLANG_ANALYZER_NONNULL = YES;
				CLANG_ANALYZER_NUMBER_OBJECT_CONVERSION = YES_AGGRESSIVE;
				CLANG_CXX_LANGUAGE_STANDARD = "gnu++14";
				CLANG_CXX_LIBRARY = "libc++";
				CLANG_ENABLE_MODULES = YES;
				CLANG_ENABLE_OBJC_ARC = YES;
				CLANG_ENABLE_OBJC_WEAK = YES;
				CLANG_WARN_BLOCK_CAPTURE_AUTORELEASING = YES;
				CLANG_WARN_BOOL_CONVERSION = YES;
				CLANG_WARN_COMMA = YES;
				CLANG_WARN_CONSTANT_CONVERSION = YES;
				CLANG_WARN_DEPRECATED_OBJC_IMPLEMENTATIONS = YES;
				CLANG_WARN_DIRECT_OBJC_ISA_USAGE = YES_ERROR;
				CLANG_WARN_DOCUMENTATION_COMMENTS = YES;
				CLANG_WARN_EMPTY_BODY = YES;
				CLANG_WARN_ENUM_CONVERSION = YES;
				CLANG_WARN_INFINITE_RECURSION = YES;
				CLANG_WARN_INT_CONVERSION = YES;
				CLANG_WARN_NON_LITERAL_NULL_CONVERSION = YES;
				CLANG_WARN_OBJC_IMPLICIT_RETAIN_SELF = YES;
				CLANG_WARN_OBJC_LITERAL_CONVERSION = YES;
				CLANG_WARN_OBJC_ROOT_CLASS = YES_ERROR;
				CLANG_WARN_QUOTED_INCLUDE_IN_FRAMEWORK_HEADER = YES;
				CLANG_WARN_RANGE_LOOP_ANALYSIS = YES;
				CLANG_WARN_STRICT_PROTOTYPES = YES;
				CLANG_WARN_SUSPICIOUS_MOVE = YES;
				CLANG_WARN_UNGUARDED_AVAILABILITY = YES_AGGRESSIVE;
				CLANG_WARN_UNREACHABLE_CODE = YES;
				CLANG_WARN__DUPLICATE_METHOD_MATCH = YES;
				COPY_PHASE_STRIP = NO;
				CURRENT_PROJECT_VERSION = "$(BUNDLE_VERSION)";
				DEBUG_INFORMATION_FORMAT = dwarf;
				ENABLE_STRICT_OBJC_MSGSEND = YES;
				ENABLE_TESTABILITY = YES;
				GCC_C_LANGUAGE_STANDARD = gnu11;
				GCC_DYNAMIC_NO_PIC = NO;
				GCC_NO_COMMON_BLOCKS = YES;
				GCC_OPTIMIZATION_LEVEL = 0;
				GCC_PREPROCESSOR_DEFINITIONS = (
					"$(inherited)",
					"DEBUG=1",
				);
				GCC_WARN_64_TO_32_BIT_CONVERSION = YES;
				GCC_WARN_ABOUT_RETURN_TYPE = YES_ERROR;
				GCC_WARN_UNDECLARED_SELECTOR = YES;
				GCC_WARN_UNINITIALIZED_AUTOS = YES_AGGRESSIVE;
				GCC_WARN_UNUSED_FUNCTION = YES;
				GCC_WARN_UNUSED_VARIABLE = YES;
				MARKETING_VERSION = 0.1;
				MTL_ENABLE_DEBUG_INFO = INCLUDE_SOURCE;
				MTL_FAST_MATH = YES;
				ONLY_ACTIVE_ARCH = YES;
				PRODUCT_NAME = "$(TARGET_NAME)";
				SDKROOT = macosx;
				SWIFT_ACTIVE_COMPILATION_CONDITIONS = DEBUG;
				SWIFT_OPTIMIZATION_LEVEL = "-Onone";
				SWIFT_VERSION = 5.0;
			};
			name = Debug;
		};
/* End XCBuildConfiguration section */

/* Begin XCConfigurationList section */
		1E86406DFE71790FE1D76C3D /* Build configuration list for PBXNativeTarget "URLHelperApp" */ = {
			isa = XCConfigurationList;
			buildConfigurations = (
				6A7C7E08BE4E1657AB5D2746 /* Debug */,
				1E5999AE3D4BAB4EEA372DC3 /* Release */,
			);
			defaultConfigurationIsVisible = 0;
			defaultConfigurationName = Debug;
		};
		B73E12ACD905D674A683E011 /* Build configuration list for PBXProject "URLHelperApp" */ = {
			isa = XCConfigurationList;
			buildConfigurations = (
				B3D9D35C1CD10077F79C056D /* Debug */,
				A35D478D31C347B609A9FB44 /* Release */,
			);
			defaultConfigurationIsVisible = 0;
			defaultConfigurationName = Debug;
		};
/* End XCConfigurationList section */

/* Begin XCSwiftPackageProductDependency section */
		B13C7DF95D6B17A9777F34B3 /* GETracing */ = {
			isa = XCSwiftPackageProductDependency;
			productName = GETracing;
		};
		BE461B26C26C736209DE3ED3 /* Then */ = {
			isa = XCSwiftPackageProductDependency;
			productName = Then;
		};
		EE4C52D91EED8A200C064FBA /* GEFoundation */ = {
			isa = XCSwiftPackageProductDependency;
			productName = GEFoundation;
		};
/* End XCSwiftPackageProductDependency section */
	};
	rootObject = 705E06C648A0410E24A802A9 /* Project object */;
}
